<?xml version="1.0" encoding="UTF-8"?>
<Project ToolsVersion="14.0" xmlns="http://schemas.microsoft.com/developer/msbuild/2003">
  <ItemGroup>
    <ClCompile Include="C:\Src\cpp\googletest-release-1.7.0\src\gtest.cc">
      <Filter>Source Files</Filter>
    </ClCompile>
  </ItemGroup>
  <ItemGroup>
    <CustomBuild Include="C:\github-asjadenet\videoplayer\CMakeLists.txt" />
  </ItemGroup>
  <ItemGroup>
    <Filter Include="Source Files">
      <UniqueIdentifier>{06A5F4DB-E537-451F-AA05-E0CDDFF31228}</UniqueIdentifier>
    </Filter>
  </ItemGroup>
</Project>
