Microsoft Visual Studio Solution File, Format Version 12.00
# Visual Studio 14
Project("{8BC9CEB8-8B4A-11D0-8D11-00A0C91BC942}") = "ALL_BUILD", "ALL_BUILD.vcxproj", "{B023EEA8-98B8-410B-AAB2-D8E17B1C6141}"
	ProjectSection(ProjectDependencies) = postProject
		{BFCCD899-01AE-4900-B764-D53F3B27E977} = {BFCCD899-01AE-4900-B764-D53F3B27E977}
		{A53892FB-6200-4F7C-A040-B9F5D5457065} = {A53892FB-6200-4F7C-A040-B9F5D5457065}
		{6B3462AD-3029-4A54-A1AB-BE31B5949FE2} = {6B3462AD-3029-4A54-A1AB-BE31B5949FE2}
		{C21D651B-5D5D-4926-8BF9-01CBC7F18B39} = {C21D651B-5D5D-4926-8BF9-01CBC7F18B39}
		{5FD070B4-1CF3-41B9-B8BC-812F5E20D0C1} = {5FD070B4-1CF3-41B9-B8BC-812F5E20D0C1}
		{7BCEC038-06BB-4470-9953-A23567377204} = {7BCEC038-06BB-4470-9953-A23567377204}
		{6BAB2E79-784F-4DFC-8C28-9B653FA09039} = {6BAB2E79-784F-4DFC-8C28-9B653FA09039}
	EndProjectSection
EndProject
Project("{8BC9CEB8-8B4A-11D0-8D11-00A0C91BC942}") = "VideoplayerProject_impl", "VideoplayerProject_impl.vcxproj", "{BFCCD899-01AE-4900-B764-D53F3B27E977}"
	ProjectSection(ProjectDependencies) = postProject
		{6B3462AD-3029-4A54-A1AB-BE31B5949FE2} = {6B3462AD-3029-4A54-A1AB-BE31B5949FE2}
	EndProjectSection
EndProject
Project("{8BC9CEB8-8B4A-11D0-8D11-00A0C91BC942}") = "VideoplayerProject_test", "VideoplayerProject_test.vcxproj", "{A53892FB-6200-4F7C-A040-B9F5D5457065}"
	ProjectSection(ProjectDependencies) = postProject
		{BFCCD899-01AE-4900-B764-D53F3B27E977} = {BFCCD899-01AE-4900-B764-D53F3B27E977}
		{6B3462AD-3029-4A54-A1AB-BE31B5949FE2} = {6B3462AD-3029-4A54-A1AB-BE31B5949FE2}
	EndProjectSection
EndProject
Project("{8BC9CEB8-8B4A-11D0-8D11-00A0C91BC942}") = "ZERO_CHECK", "ZERO_CHECK.vcxproj", "{6B3462AD-3029-4A54-A1AB-BE31B5949FE2}"
	ProjectSection(ProjectDependencies) = postProject
	EndProjectSection
EndProject
Project("{8BC9CEB8-8B4A-11D0-8D11-00A0C91BC942}") = "gtest", "gtest.vcxproj", "{C21D651B-5D5D-4926-8BF9-01CBC7F18B39}"
	ProjectSection(ProjectDependencies) = postProject
		{6B3462AD-3029-4A54-A1AB-BE31B5949FE2} = {6B3462AD-3029-4A54-A1AB-BE31B5949FE2}
	EndProjectSection
EndProject
Project("{8BC9CEB8-8B4A-11D0-8D11-00A0C91BC942}") = "gtest_main", "gtest_main.vcxproj", "{5FD070B4-1CF3-41B9-B8BC-812F5E20D0C1}"
	ProjectSection(ProjectDependencies) = postProject
		{6B3462AD-3029-4A54-A1AB-BE31B5949FE2} = {6B3462AD-3029-4A54-A1AB-BE31B5949FE2}
	EndProjectSection
EndProject
Project("{8BC9CEB8-8B4A-11D0-8D11-00A0C91BC942}") = "videoplayer", "videoplayer.vcxproj", "{7BCEC038-06BB-4470-9953-A23567377204}"
	ProjectSection(ProjectDependencies) = postProject
		{BFCCD899-01AE-4900-B764-D53F3B27E977} = {BFCCD899-01AE-4900-B764-D53F3B27E977}
		{6B3462AD-3029-4A54-A1AB-BE31B5949FE2} = {6B3462AD-3029-4A54-A1AB-BE31B5949FE2}
	EndProjectSection
EndProject
Project("{8BC9CEB8-8B4A-11D0-8D11-00A0C91BC942}") = "videoplayer_settings", "videoplayer_settings.vcxproj", "{6BAB2E79-784F-4DFC-8C28-9B653FA09039}"
	ProjectSection(ProjectDependencies) = postProject
		{BFCCD899-01AE-4900-B764-D53F3B27E977} = {BFCCD899-01AE-4900-B764-D53F3B27E977}
		{6B3462AD-3029-4A54-A1AB-BE31B5949FE2} = {6B3462AD-3029-4A54-A1AB-BE31B5949FE2}
	EndProjectSection
EndProject
Global
	GlobalSection(SolutionConfigurationPlatforms) = preSolution
		Debug|Win32 = Debug|Win32
		Release|Win32 = Release|Win32
		MinSizeRel|Win32 = MinSizeRel|Win32
		RelWithDebInfo|Win32 = RelWithDebInfo|Win32
	EndGlobalSection
	GlobalSection(ProjectConfigurationPlatforms) = postSolution
		{B023EEA8-98B8-410B-AAB2-D8E17B1C6141}.Debug|Win32.ActiveCfg = Debug|Win32
		{B023EEA8-98B8-410B-AAB2-D8E17B1C6141}.Release|Win32.ActiveCfg = Release|Win32
		{B023EEA8-98B8-410B-AAB2-D8E17B1C6141}.MinSizeRel|Win32.ActiveCfg = MinSizeRel|Win32
		{B023EEA8-98B8-410B-AAB2-D8E17B1C6141}.RelWithDebInfo|Win32.ActiveCfg = RelWithDebInfo|Win32
		{BFCCD899-01AE-4900-B764-D53F3B27E977}.Debug|Win32.ActiveCfg = Debug|Win32
		{BFCCD899-01AE-4900-B764-D53F3B27E977}.Debug|Win32.Build.0 = Debug|Win32
		{BFCCD899-01AE-4900-B764-D53F3B27E977}.Release|Win32.ActiveCfg = Release|Win32
		{BFCCD899-01AE-4900-B764-D53F3B27E977}.Release|Win32.Build.0 = Release|Win32
		{BFCCD899-01AE-4900-B764-D53F3B27E977}.MinSizeRel|Win32.ActiveCfg = MinSizeRel|Win32
		{BFCCD899-01AE-4900-B764-D53F3B27E977}.MinSizeRel|Win32.Build.0 = MinSizeRel|Win32
		{BFCCD899-01AE-4900-B764-D53F3B27E977}.RelWithDebInfo|Win32.ActiveCfg = RelWithDebInfo|Win32
		{BFCCD899-01AE-4900-B764-D53F3B27E977}.RelWithDebInfo|Win32.Build.0 = RelWithDebInfo|Win32
		{A53892FB-6200-4F7C-A040-B9F5D5457065}.Debug|Win32.ActiveCfg = Debug|Win32
		{A53892FB-6200-4F7C-A040-B9F5D5457065}.Debug|Win32.Build.0 = Debug|Win32
		{A53892FB-6200-4F7C-A040-B9F5D5457065}.Release|Win32.ActiveCfg = Release|Win32
		{A53892FB-6200-4F7C-A040-B9F5D5457065}.Release|Win32.Build.0 = Release|Win32
		{A53892FB-6200-4F7C-A040-B9F5D5457065}.MinSizeRel|Win32.ActiveCfg = MinSizeRel|Win32
		{A53892FB-6200-4F7C-A040-B9F5D5457065}.MinSizeRel|Win32.Build.0 = MinSizeRel|Win32
		{A53892FB-6200-4F7C-A040-B9F5D5457065}.RelWithDebInfo|Win32.ActiveCfg = RelWithDebInfo|Win32
		{A53892FB-6200-4F7C-A040-B9F5D5457065}.RelWithDebInfo|Win32.Build.0 = RelWithDebInfo|Win32
		{6B3462AD-3029-4A54-A1AB-BE31B5949FE2}.Debug|Win32.ActiveCfg = Debug|Win32
		{6B3462AD-3029-4A54-A1AB-BE31B5949FE2}.Debug|Win32.Build.0 = Debug|Win32
		{6B3462AD-3029-4A54-A1AB-BE31B5949FE2}.Release|Win32.ActiveCfg = Release|Win32
		{6B3462AD-3029-4A54-A1AB-BE31B5949FE2}.Release|Win32.Build.0 = Release|Win32
		{6B3462AD-3029-4A54-A1AB-BE31B5949FE2}.MinSizeRel|Win32.ActiveCfg = MinSizeRel|Win32
		{6B3462AD-3029-4A54-A1AB-BE31B5949FE2}.MinSizeRel|Win32.Build.0 = MinSizeRel|Win32
		{6B3462AD-3029-4A54-A1AB-BE31B5949FE2}.RelWithDebInfo|Win32.ActiveCfg = RelWithDebInfo|Win32
		{6B3462AD-3029-4A54-A1AB-BE31B5949FE2}.RelWithDebInfo|Win32.Build.0 = RelWithDebInfo|Win32
		{C21D651B-5D5D-4926-8BF9-01CBC7F18B39}.Debug|Win32.ActiveCfg = Debug|Win32
		{C21D651B-5D5D-4926-8BF9-01CBC7F18B39}.Debug|Win32.Build.0 = Debug|Win32
		{C21D651B-5D5D-4926-8BF9-01CBC7F18B39}.Release|Win32.ActiveCfg = Release|Win32
		{C21D651B-5D5D-4926-8BF9-01CBC7F18B39}.Release|Win32.Build.0 = Release|Win32
		{C21D651B-5D5D-4926-8BF9-01CBC7F18B39}.MinSizeRel|Win32.ActiveCfg = MinSizeRel|Win32
		{C21D651B-5D5D-4926-8BF9-01CBC7F18B39}.MinSizeRel|Win32.Build.0 = MinSizeRel|Win32
		{C21D651B-5D5D-4926-8BF9-01CBC7F18B39}.RelWithDebInfo|Win32.ActiveCfg = RelWithDebInfo|Win32
		{C21D651B-5D5D-4926-8BF9-01CBC7F18B39}.RelWithDebInfo|Win32.Build.0 = RelWithDebInfo|Win32
		{5FD070B4-1CF3-41B9-B8BC-812F5E20D0C1}.Debug|Win32.ActiveCfg = Debug|Win32
		{5FD070B4-1CF3-41B9-B8BC-812F5E20D0C1}.Debug|Win32.Build.0 = Debug|Win32
		{5FD070B4-1CF3-41B9-B8BC-812F5E20D0C1}.Release|Win32.ActiveCfg = Release|Win32
		{5FD070B4-1CF3-41B9-B8BC-812F5E20D0C1}.Release|Win32.Build.0 = Release|Win32
		{5FD070B4-1CF3-41B9-B8BC-812F5E20D0C1}.MinSizeRel|Win32.ActiveCfg = MinSizeRel|Win32
		{5FD070B4-1CF3-41B9-B8BC-812F5E20D0C1}.MinSizeRel|Win32.Build.0 = MinSizeRel|Win32
		{5FD070B4-1CF3-41B9-B8BC-812F5E20D0C1}.RelWithDebInfo|Win32.ActiveCfg = RelWithDebInfo|Win32
		{5FD070B4-1CF3-41B9-B8BC-812F5E20D0C1}.RelWithDebInfo|Win32.Build.0 = RelWithDebInfo|Win32
		{7BCEC038-06BB-4470-9953-A23567377204}.Debug|Win32.ActiveCfg = Debug|Win32
		{7BCEC038-06BB-4470-9953-A23567377204}.Debug|Win32.Build.0 = Debug|Win32
		{7BCEC038-06BB-4470-9953-A23567377204}.Release|Win32.ActiveCfg = Release|Win32
		{7BCEC038-06BB-4470-9953-A23567377204}.Release|Win32.Build.0 = Release|Win32
		{7BCEC038-06BB-4470-9953-A23567377204}.MinSizeRel|Win32.ActiveCfg = MinSizeRel|Win32
		{7BCEC038-06BB-4470-9953-A23567377204}.MinSizeRel|Win32.Build.0 = MinSizeRel|Win32
		{7BCEC038-06BB-4470-9953-A23567377204}.RelWithDebInfo|Win32.ActiveCfg = RelWithDebInfo|Win32
		{7BCEC038-06BB-4470-9953-A23567377204}.RelWithDebInfo|Win32.Build.0 = RelWithDebInfo|Win32
		{6BAB2E79-784F-4DFC-8C28-9B653FA09039}.Debug|Win32.ActiveCfg = Debug|Win32
		{6BAB2E79-784F-4DFC-8C28-9B653FA09039}.Debug|Win32.Build.0 = Debug|Win32
		{6BAB2E79-784F-4DFC-8C28-9B653FA09039}.Release|Win32.ActiveCfg = Release|Win32
		{6BAB2E79-784F-4DFC-8C28-9B653FA09039}.Release|Win32.Build.0 = Release|Win32
		{6BAB2E79-784F-4DFC-8C28-9B653FA09039}.MinSizeRel|Win32.ActiveCfg = MinSizeRel|Win32
		{6BAB2E79-784F-4DFC-8C28-9B653FA09039}.MinSizeRel|Win32.Build.0 = MinSizeRel|Win32
		{6BAB2E79-784F-4DFC-8C28-9B653FA09039}.RelWithDebInfo|Win32.ActiveCfg = RelWithDebInfo|Win32
		{6BAB2E79-784F-4DFC-8C28-9B653FA09039}.RelWithDebInfo|Win32.Build.0 = RelWithDebInfo|Win32
	EndGlobalSection
	GlobalSection(ExtensibilityGlobals) = postSolution
	EndGlobalSection
	GlobalSection(ExtensibilityAddIns) = postSolution
	EndGlobalSection
EndGlobal
