<?xml version="1.0" encoding="UTF-8"?>
<Project ToolsVersion="14.0" xmlns="http://schemas.microsoft.com/developer/msbuild/2003">
  <ItemGroup>
    <ClCompile Include="C:\github-asjadenet\videoplayer\test\format_time_test.cpp">
      <Filter>Source Files</Filter>
    </ClCompile>
    <ClCompile Include="C:\github-asjadenet\videoplayer\test\get_play_request_json_test.cpp">
      <Filter>Source Files</Filter>
    </ClCompile>
    <ClCompile Include="C:\github-asjadenet\videoplayer\test\parse_file_list_test.cpp">
      <Filter>Source Files</Filter>
    </ClCompile>
    <ClCompile Include="C:\github-asjadenet\videoplayer\test\parse_http_content_length_test.cpp">
      <Filter>Source Files</Filter>
    </ClCompile>
    <ClCompile Include="C:\github-asjadenet\videoplayer\test\parse_json_percentage_test.cpp">
      <Filter>Source Files</Filter>
    </ClCompile>
    <ClCompile Include="C:\github-asjadenet\videoplayer\test\parse_json_time_test.cpp">
      <Filter>Source Files</Filter>
    </ClCompile>
    <ClCompile Include="C:\github-asjadenet\videoplayer\test\parse_video_dir_test.cpp">
      <Filter>Source Files</Filter>
    </ClCompile>
    <ClCompile Include="C:\github-asjadenet\videoplayer\test\test-modern.cpp">
      <Filter>Source Files</Filter>
    </ClCompile>
  </ItemGroup>
  <ItemGroup>
    <ClInclude Include="C:\github-asjadenet\videoplayer\executable\FrameMainDerived.h">
      <Filter>Header Files</Filter>
    </ClInclude>
    <ClInclude Include="C:\github-asjadenet\videoplayer\executable\MainExecutable.h">
      <Filter>Header Files</Filter>
    </ClInclude>
    <ClInclude Include="C:\github-asjadenet\videoplayer\executable\MainExecutablePanelMain.h">
      <Filter>Header Files</Filter>
    </ClInclude>
    <ClInclude Include="C:\github-asjadenet\videoplayer\executable\WxMain.h">
      <Filter>Header Files</Filter>
    </ClInclude>
  </ItemGroup>
  <ItemGroup>
    <CustomBuild Include="C:\github-asjadenet\videoplayer\CMakeLists.txt" />
  </ItemGroup>
  <ItemGroup>
    <Filter Include="Source Files">
      <UniqueIdentifier>{06A5F4DB-E537-451F-AA05-E0CDDFF31228}</UniqueIdentifier>
    </Filter>
    <Filter Include="Header Files">
      <UniqueIdentifier>{E3AD83E1-88CB-415E-B356-7A840A558898}</UniqueIdentifier>
    </Filter>
  </ItemGroup>
</Project>
